{
  "name": "oda-model-graphql",
  "version": "2.0.0",
  "lockfileVersion": 1,
  "requires": true,
  "dependencies": {
    "graphql": {
      "version": "14.0.2",
      "resolved": "https://registry.npmjs.org/graphql/-/graphql-14.0.2.tgz",
      "integrity": "sha512-gUC4YYsaiSJT1h40krG3J+USGlwhzNTXSb4IOZljn9ag5Tj+RkoXrWp+Kh7WyE3t1NCfab5kzCuxBIvOMERMXw==",
      "requires": {
        "iterall": "^1.2.2"
      }
    },
    "graphql-tag": {
      "version": "2.10.0",
      "resolved": "https://registry.npmjs.org/graphql-tag/-/graphql-tag-2.10.0.tgz",
      "integrity": "sha512-9FD6cw976TLLf9WYIUPCaaTpniawIjHWZSwIRZSjrfufJamcXbVVYfN2TWvJYbw0Xf2JjYbl1/f2+wDnBVw3/w=="
    },
    "iterall": {
      "version": "1.2.2",
      "resolved": "https://registry.npmjs.org/iterall/-/iterall-1.2.2.tgz",
      "integrity": "sha512-yynBb1g+RFUPY64fTrFv7nsjRrENBQJaX2UL+2Szc9REFrSNm1rpSXHGzhmAy7a9uv3vlvgBlXnf9RqmPH1/DA=="
    },
    "oda-lodash": {
      "version": "file:../oda-lodash",
      "requires": {
        "apollo-server-core": "^1.3.6",
        "apollo-server-express": "^1.3.6",
        "graphql-anywhere": "^4.1.5",
        "oda-gen-common": "file:../oda-gen-common",
        "oda-isomorfic": "file:../oda-isomorfic"
      },
      "dependencies": {
        "apollo-cache-control": {
          "version": "0.1.1",
          "bundled": true,
          "requires": {
            "graphql-extensions": "^0.0.x"
          }
        },
        "apollo-server-core": {
          "version": "1.4.0",
          "bundled": true,
          "requires": {
            "apollo-cache-control": "^0.1.0",
            "apollo-tracing": "^0.1.0",
            "graphql-extensions": "^0.0.x"
          }
        },
        "apollo-server-express": {
          "version": "1.4.0",
          "bundled": true,
          "requires": {
            "apollo-server-core": "^1.4.0",
            "apollo-server-module-graphiql": "^1.4.0"
          }
        },
        "apollo-server-module-graphiql": {
          "version": "1.4.0",
          "bundled": true
        },
        "apollo-tracing": {
          "version": "0.1.4",
          "bundled": true,
          "requires": {
            "graphql-extensions": "~0.0.9"
          }
        },
        "apollo-utilities": {
          "version": "1.0.26",
          "bundled": true,
          "requires": {
            "fast-json-stable-stringify": "^2.0.0"
          }
        },
        "buffer-from": {
          "version": "1.1.1",
          "bundled": true
        },
        "core-js": {
          "version": "2.6.0",
          "bundled": true
        },
        "fast-json-stable-stringify": {
          "version": "2.0.0",
          "bundled": true
        },
        "graphql-anywhere": {
          "version": "4.1.23",
          "bundled": true,
          "requires": {
            "apollo-utilities": "^1.0.26"
          }
        },
        "graphql-extensions": {
          "version": "0.0.10",
          "bundled": true,
          "requires": {
            "core-js": "^2.5.3",
            "source-map-support": "^0.5.1"
          }
        },
        "oda-gen-common": {
          "version": "file:../oda-gen-common",
          "bundled": true,
          "requires": {
            "graphql-tools": "^3.0.4",
            "lodash": "^4.17.10",
            "oda-isomorfic": "file:../oda-isomorfic"
          },
          "dependencies": {
            "apollo-link": {
              "version": "1.2.4",
              "bundled": true,
              "requires": {
                "apollo-utilities": "^1.0.0",
                "zen-observable-ts": "^0.8.11"
              }
            },
            "apollo-utilities": {
              "version": "1.0.26",
              "bundled": true,
              "requires": {
                "fast-json-stable-stringify": "^2.0.0"
              }
            },
            "deprecated-decorator": {
              "version": "0.1.6",
              "bundled": true
            },
            "fast-json-stable-stringify": {
              "version": "2.0.0",
              "bundled": true
            },
            "graphql-tools": {
              "version": "3.1.1",
              "bundled": true,
              "requires": {
                "apollo-link": "^1.2.2",
                "apollo-utilities": "^1.0.1",
                "deprecated-decorator": "^0.1.6",
                "iterall": "^1.1.3",
                "uuid": "^3.1.0"
              }
            },
            "iterall": {
              "version": "1.2.2",
              "bundled": true
            },
            "lodash": {
              "version": "4.17.11",
              "bundled": true
            },
            "oda-isomorfic": {
              "version": "file:../oda-isomorfic",
              "bundled": true,
              "requires": {
                "md5-hex": "^2.0.0"
              },
              "dependencies": {
                "md5-hex": {
                  "version": "2.0.0",
                  "bundled": true,
                  "requires": {
                    "md5-o-matic": "^0.1.1"
                  }
                },
                "md5-o-matic": {
                  "version": "0.1.1",
                  "bundled": true
                }
              }
            },
            "uuid": {
              "version": "3.3.2",
              "bundled": true
            },
            "zen-observable": {
              "version": "0.8.11",
              "bundled": true
            },
            "zen-observable-ts": {
              "version": "0.8.11",
              "bundled": true,
              "requires": {
                "zen-observable": "^0.8.0"
              }
            }
          }
        },
        "oda-isomorfic": {
          "version": "file:../oda-isomorfic",
          "bundled": true,
          "requires": {
            "md5-hex": "^2.0.0"
          },
          "dependencies": {
            "md5-hex": {
              "version": "2.0.0",
              "bundled": true,
              "requires": {
                "md5-o-matic": "^0.1.1"
              }
            },
            "md5-o-matic": {
              "version": "0.1.1",
              "bundled": true
            }
          }
        },
        "source-map": {
          "version": "0.6.1",
          "bundled": true
        },
        "source-map-support": {
          "version": "0.5.9",
          "bundled": true,
          "requires": {
            "buffer-from": "^1.0.0",
            "source-map": "^0.6.0"
          }
        }
      }
    },
    "oda-model": {
      "version": "file:../oda-model",
      "requires": {
        "camelcase": "^5.0.0",
        "decamelize": "^2.0.0",
        "global": "^4.3.2",
        "inflected": "^2.0.4",
        "lodash": "^4.17.11"
      },
      "dependencies": {
        "camelcase": {
          "version": "5.0.0",
          "bundled": true
        },
        "decamelize": {
          "version": "2.0.0",
          "bundled": true,
          "requires": {
            "xregexp": "4.0.0"
          }
        },
        "dom-walk": {
          "version": "0.1.1",
          "bundled": true
        },
        "global": {
          "version": "4.3.2",
          "bundled": true,
          "requires": {
            "min-document": "^2.19.0",
            "process": "~0.5.1"
          }
        },
        "inflected": {
          "version": "2.0.4",
          "bundled": true
        },
        "lodash": {
          "version": "4.17.11",
          "bundled": true
        },
        "min-document": {
          "version": "2.19.0",
          "bundled": true,
          "requires": {
            "dom-walk": "^0.1.0"
          }
        },
        "process": {
          "version": "0.5.2",
          "bundled": true
        },
        "xregexp": {
          "version": "4.0.0",
          "bundled": true
        }
      }
    }
  }
}
